<?xml version="1.0" encoding="utf-8"?>
<Project ToolsVersion="4.0" xmlns="http://schemas.microsoft.com/developer/msbuild/2003">
  <ItemGroup>
    <Filter Include="Resources">
      <UniqueIdentifier>{bd887a9c-649c-4a06-afc6-e3761f3459ef}</UniqueIdentifier>
    </Filter>
    <Filter Include="Source">
      <UniqueIdentifier>{4FC737F1-C7A5-4376-A066-2A32D752A2FF}</UniqueIdentifier>
      <Extensions>cpp;c;cc;cxx;c++;cppm;ixx;def;odl;idl;hpj;bat;asm;asmx</Extensions>
    </Filter>
    <Filter Include="ThirdParty">
      <UniqueIdentifier>{93995380-89BD-4b04-88EB-625FBE52EBFB}</UniqueIdentifier>
      <Extensions>h;hh;hpp;hxx;h++;hm;inl;inc;ipp;xsd</Extensions>
    </Filter>
  </ItemGroup>
  <ItemGroup>
    <ClCompile Include="Application.cpp">
      <Filter>Source</Filter>
    </ClCompile>
    <ClCompile Include="VertexBuffer.cpp">
      <Filter>Source</Filter>
    </ClCompile>
    <ClCompile Include="IndexBuffer.cpp">
      <Filter>Source</Filter>
    </ClCompile>
    <ClCompile Include="VertexArray.cpp">
      <Filter>Source</Filter>
    </ClCompile>
    <ClCompile Include="Shader.cpp">
      <Filter>Source</Filter>
    </ClCompile>
    <ClCompile Include="Renderer.cpp">
      <Filter>Source</Filter>
    </ClCompile>
    <ClCompile Include="ThirdParty\stb_image\stb_image.cpp">
      <Filter>ThirdParty</Filter>
    </ClCompile>
    <ClCompile Include="Texture.cpp">
      <Filter>Source</Filter>
    </ClCompile>
    <ClCompile Include="ThirdParty\imgui\imgui.cpp">
      <Filter>Source</Filter>
    </ClCompile>
    <ClCompile Include="ThirdParty\imgui\imgui_draw.cpp">
      <Filter>Source</Filter>
    </ClCompile>
    <ClCompile Include="ThirdParty\imgui\imgui_demo.cpp">
      <Filter>Source</Filter>
    </ClCompile>
    <ClCompile Include="ThirdParty\imgui\imgui_impl_glfw_gl3.cpp">
      <Filter>Source</Filter>
    </ClCompile>
    <ClCompile Include="Tests\TestClearColor.cpp">
      <Filter>Source</Filter>
    </ClCompile>
    <ClCompile Include="Tests\Test.cpp">
      <Filter>Source</Filter>
    </ClCompile>
  </ItemGroup>
  <ItemGroup>
    <None Include="Basic.vert">
      <Filter>Resources</Filter>
    </None>
    <None Include="Basic.frag">
      <Filter>Resources</Filter>
    </None>
  </ItemGroup>
  <ItemGroup>
    <ClInclude Include="IndexBuffer.h">
      <Filter>Source</Filter>
    </ClInclude>
    <ClInclude Include="Renderer.h">
      <Filter>Source</Filter>
    </ClInclude>
    <ClInclude Include="Shader.h">
      <Filter>Source</Filter>
    </ClInclude>
    <ClInclude Include="VertexArray.h">
      <Filter>Source</Filter>
    </ClInclude>
    <ClInclude Include="VertexBuffer.h">
      <Filter>Source</Filter>
    </ClInclude>
    <ClInclude Include="VertexBufferLayout.h">
      <Filter>Source</Filter>
    </ClInclude>
    <ClInclude Include="Texture.h">
      <Filter>Source</Filter>
    </ClInclude>
    <ClInclude Include="ThirdParty\stb_image\stb_image.h">
      <Filter>ThirdParty</Filter>
    </ClInclude>
    <ClInclude Include="ThirdParty\imgui\imconfig.h">
      <Filter>ThirdParty</Filter>
    </ClInclude>
    <ClInclude Include="ThirdParty\imgui\imgui.h">
      <Filter>ThirdParty</Filter>
    </ClInclude>
    <ClInclude Include="ThirdParty\imgui\imgui_impl_glfw_gl3.h">
      <Filter>ThirdParty</Filter>
    </ClInclude>
    <ClInclude Include="ThirdParty\imgui\imgui_internal.h">
      <Filter>ThirdParty</Filter>
    </ClInclude>
    <ClInclude Include="ThirdParty\imgui\stb_rect_pack.h">
      <Filter>ThirdParty</Filter>
    </ClInclude>
    <ClInclude Include="ThirdParty\imgui\stb_textedit.h">
      <Filter>ThirdParty</Filter>
    </ClInclude>
    <ClInclude Include="ThirdParty\imgui\stb_truetype.h">
      <Filter>ThirdParty</Filter>
    </ClInclude>
    <ClInclude Include="Tests\Test.h">
      <Filter>ThirdParty</Filter>
    </ClInclude>
    <ClInclude Include="Tests\TestClearColor.h">
      <Filter>ThirdParty</Filter>
    </ClInclude>
  </ItemGroup>
</Project>